// !$*UTF8*$!
{
	archiveVersion = 1;
	classes = {
	};
	objectVersion = 51;
	objects = {

/* Begin PBXBuildFile section */
		3B71D444C10E993718404C9E /* Pods_Modularity1.framework in Frameworks */ = {isa = PBXBuildFile; fileRef = DC69C788283C707255C8E7B3 /* Pods_Modularity1.framework */; };
		5EC32ECC250DF0B900006D79 /* AppDelegate.swift in Sources */ = {isa = PBXBuildFile; fileRef = 5EC32ECB250DF0B900006D79 /* AppDelegate.swift */; };
		5EC32ED0250DF0B900006D79 /* ChildHomeViewController.swift in Sources */ = {isa = PBXBuildFile; fileRef = 5EC32ECF250DF0B900006D79 /* ChildHomeViewController.swift */; };
		5EC32ED3250DF0B900006D79 /* Main.storyboard in Resources */ = {isa = PBXBuildFile; fileRef = 5EC32ED1250DF0B900006D79 /* Main.storyboard */; };
		5EC32ED5250DF0BC00006D79 /* Assets.xcassets in Resources */ = {isa = PBXBuildFile; fileRef = 5EC32ED4250DF0BC00006D79 /* Assets.xcassets */; };
		5EC32ED8250DF0BC00006D79 /* LaunchScreen.storyboard in Resources */ = {isa = PBXBuildFile; fileRef = 5EC32ED6250DF0BC00006D79 /* LaunchScreen.storyboard */; };
		5EC32EE52510FD0000006D79 /* Utilities.swift in Sources */ = {isa = PBXBuildFile; fileRef = 5EC32EE22510FD0000006D79 /* Utilities.swift */; };
		5EC32EE62510FD0000006D79 /* Constants.swift in Sources */ = {isa = PBXBuildFile; fileRef = 5EC32EE32510FD0000006D79 /* Constants.swift */; };
		5EC32EE72510FD0000006D79 /* NetworkManager.swift in Sources */ = {isa = PBXBuildFile; fileRef = 5EC32EE42510FD0000006D79 /* NetworkManager.swift */; };
		5EC32EEA2510FD1600006D79 /* UsersModel.swift in Sources */ = {isa = PBXBuildFile; fileRef = 5EC32EE92510FD1600006D79 /* UsersModel.swift */; };
		5EC32EED2510FD5900006D79 /* UsersViewModel.swift in Sources */ = {isa = PBXBuildFile; fileRef = 5EC32EEC2510FD5900006D79 /* UsersViewModel.swift */; };
		5EC32EF02510FE2E00006D79 /* UsersTableViewCell.swift in Sources */ = {isa = PBXBuildFile; fileRef = 5EC32EEF2510FE2E00006D79 /* UsersTableViewCell.swift */; };
/* End PBXBuildFile section */

/* Begin PBXFileReference section */
		077ED4F916BE56C0BF823F7E /* Pods-Modularity1.debug.xcconfig */ = {isa = PBXFileReference; includeInIndex = 1; lastKnownFileType = text.xcconfig; name = "Pods-Modularity1.debug.xcconfig"; path = "Target Support Files/Pods-Modularity1/Pods-Modularity1.debug.xcconfig"; sourceTree = "<group>"; };
		26483066E6D1508DC7381812 /* Pods-Modularity1.release.xcconfig */ = {isa = PBXFileReference; includeInIndex = 1; lastKnownFileType = text.xcconfig; name = "Pods-Modularity1.release.xcconfig"; path = "Target Support Files/Pods-Modularity1/Pods-Modularity1.release.xcconfig"; sourceTree = "<group>"; };
		5EC32EC8250DF0B900006D79 /* Modularity1.app */ = {isa = PBXFileReference; explicitFileType = wrapper.application; includeInIndex = 0; path = Modularity1.app; sourceTree = BUILT_PRODUCTS_DIR; };
		5EC32ECB250DF0B900006D79 /* AppDelegate.swift */ = {isa = PBXFileReference; lastKnownFileType = sourcecode.swift; path = AppDelegate.swift; sourceTree = "<group>"; };
		5EC32ECF250DF0B900006D79 /* ChildHomeViewController.swift */ = {isa = PBXFileReference; lastKnownFileType = sourcecode.swift; path = ChildHomeViewController.swift; sourceTree = "<group>"; };
		5EC32ED2250DF0B900006D79 /* Base */ = {isa = PBXFileReference; lastKnownFileType = file.storyboard; name = Base; path = Base.lproj/Main.storyboard; sourceTree = "<group>"; };
		5EC32ED4250DF0BC00006D79 /* Assets.xcassets */ = {isa = PBXFileReference; lastKnownFileType = folder.assetcatalog; path = Assets.xcassets; sourceTree = "<group>"; };
		5EC32ED7250DF0BC00006D79 /* Base */ = {isa = PBXFileReference; lastKnownFileType = file.storyboard; name = Base; path = Base.lproj/LaunchScreen.storyboard; sourceTree = "<group>"; };
		5EC32ED9250DF0BC00006D79 /* Info.plist */ = {isa = PBXFileReference; lastKnownFileType = text.plist.xml; path = Info.plist; sourceTree = "<group>"; };
		5EC32EE22510FD0000006D79 /* Utilities.swift */ = {isa = PBXFileReference; fileEncoding = 4; lastKnownFileType = sourcecode.swift; path = Utilities.swift; sourceTree = "<group>"; };
		5EC32EE32510FD0000006D79 /* Constants.swift */ = {isa = PBXFileReference; fileEncoding = 4; lastKnownFileType = sourcecode.swift; path = Constants.swift; sourceTree = "<group>"; };
		5EC32EE42510FD0000006D79 /* NetworkManager.swift */ = {isa = PBXFileReference; fileEncoding = 4; lastKnownFileType = sourcecode.swift; path = NetworkManager.swift; sourceTree = "<group>"; };
		5EC32EE92510FD1600006D79 /* UsersModel.swift */ = {isa = PBXFileReference; fileEncoding = 4; lastKnownFileType = sourcecode.swift; path = UsersModel.swift; sourceTree = "<group>"; };
		5EC32EEC2510FD5900006D79 /* UsersViewModel.swift */ = {isa = PBXFileReference; fileEncoding = 4; lastKnownFileType = sourcecode.swift; path = UsersViewModel.swift; sourceTree = "<group>"; };
		5EC32EEF2510FE2E00006D79 /* UsersTableViewCell.swift */ = {isa = PBXFileReference; fileEncoding = 4; lastKnownFileType = sourcecode.swift; path = UsersTableViewCell.swift; sourceTree = "<group>"; };
		DC69C788283C707255C8E7B3 /* Pods_Modularity1.framework */ = {isa = PBXFileReference; explicitFileType = wrapper.framework; includeInIndex = 0; path = Pods_Modularity1.framework; sourceTree = BUILT_PRODUCTS_DIR; };
/* End PBXFileReference section */

/* Begin PBXFrameworksBuildPhase section */
		5EC32EC5250DF0B900006D79 /* Frameworks */ = {
			isa = PBXFrameworksBuildPhase;
			buildActionMask = 2147483647;
			files = (
				3B71D444C10E993718404C9E /* Pods_Modularity1.framework in Frameworks */,
			);
			runOnlyForDeploymentPostprocessing = 0;
		};
/* End PBXFrameworksBuildPhase section */

/* Begin PBXGroup section */
		3A4FF24C4873653A57FD6415 /* Frameworks */ = {
			isa = PBXGroup;
			children = (
				DC69C788283C707255C8E7B3 /* Pods_Modularity1.framework */,
			);
			name = Frameworks;
			sourceTree = "<group>";
		};
		5EC32EBF250DF0B900006D79 = {
			isa = PBXGroup;
			children = (
				5EC32ECA250DF0B900006D79 /* Modularity1 */,
				5EC32EC9250DF0B900006D79 /* Products */,
				82314872A7D67C1951B06278 /* Pods */,
				3A4FF24C4873653A57FD6415 /* Frameworks */,
			);
			sourceTree = "<group>";
		};
		5EC32EC9250DF0B900006D79 /* Products */ = {
			isa = PBXGroup;
			children = (
				5EC32EC8250DF0B900006D79 /* Modularity1.app */,
			);
			name = Products;
			sourceTree = "<group>";
		};
		5EC32ECA250DF0B900006D79 /* Modularity1 */ = {
			isa = PBXGroup;
			children = (
				5EC32EEE2510FE2100006D79 /* TableviewCells */,
				5EC32EEB2510FD4900006D79 /* ViewModels */,
				5EC32EE82510FD0E00006D79 /* Models */,
				5EC32EE12510FCEB00006D79 /* Helpers */,
				5EC32ECB250DF0B900006D79 /* AppDelegate.swift */,
				5EC32ECF250DF0B900006D79 /* ChildHomeViewController.swift */,
				5EC32ED1250DF0B900006D79 /* Main.storyboard */,
				5EC32ED4250DF0BC00006D79 /* Assets.xcassets */,
				5EC32ED6250DF0BC00006D79 /* LaunchScreen.storyboard */,
				5EC32ED9250DF0BC00006D79 /* Info.plist */,
			);
			path = Modularity1;
			sourceTree = "<group>";
		};
		5EC32EE12510FCEB00006D79 /* Helpers */ = {
			isa = PBXGroup;
			children = (
				5EC32EE32510FD0000006D79 /* Constants.swift */,
				5EC32EE42510FD0000006D79 /* NetworkManager.swift */,
				5EC32EE22510FD0000006D79 /* Utilities.swift */,
			);
			path = Helpers;
			sourceTree = "<group>";
		};
		5EC32EE82510FD0E00006D79 /* Models */ = {
			isa = PBXGroup;
			children = (
				5EC32EE92510FD1600006D79 /* UsersModel.swift */,
			);
			path = Models;
			sourceTree = "<group>";
		};
		5EC32EEB2510FD4900006D79 /* ViewModels */ = {
			isa = PBXGroup;
			children = (
				5EC32EEC2510FD5900006D79 /* UsersViewModel.swift */,
			);
			path = ViewModels;
			sourceTree = "<group>";
		};
		5EC32EEE2510FE2100006D79 /* TableviewCells */ = {
			isa = PBXGroup;
			children = (
				5EC32EEF2510FE2E00006D79 /* UsersTableViewCell.swift */,
			);
			path = TableviewCells;
			sourceTree = "<group>";
		};
		82314872A7D67C1951B06278 /* Pods */ = {
			isa = PBXGroup;
			children = (
				077ED4F916BE56C0BF823F7E /* Pods-Modularity1.debug.xcconfig */,
				26483066E6D1508DC7381812 /* Pods-Modularity1.release.xcconfig */,
			);
			path = Pods;
			sourceTree = "<group>";
		};
/* End PBXGroup section */

/* Begin PBXNativeTarget section */
		5EC32EC7250DF0B900006D79 /* Modularity1 */ = {
			isa = PBXNativeTarget;
			buildConfigurationList = 5EC32EDC250DF0BC00006D79 /* Build configuration list for PBXNativeTarget "Modularity1" */;
			buildPhases = (
				6C3CB60BF9FCF65562CA250C /* [CP] Check Pods Manifest.lock */,
				5EC32EC4250DF0B900006D79 /* Sources */,
				5EC32EC5250DF0B900006D79 /* Frameworks */,
				5EC32EC6250DF0B900006D79 /* Resources */,
				1C30984448E703C38D353AEE /* [CP] Embed Pods Frameworks */,
			);
			buildRules = (
			);
			dependencies = (
			);
			name = Modularity1;
			productName = Modularity1;
			productReference = 5EC32EC8250DF0B900006D79 /* Modularity1.app */;
			productType = "com.apple.product-type.application";
		};
/* End PBXNativeTarget section */

/* Begin PBXProject section */
		5EC32EC0250DF0B900006D79 /* Project object */ = {
			isa = PBXProject;
			attributes = {
				LastSwiftUpdateCheck = 1160;
				LastUpgradeCheck = 1160;
				ORGANIZATIONNAME = "Narasannagari Krishna Prakash";
				TargetAttributes = {
					5EC32EC7250DF0B900006D79 = {
						CreatedOnToolsVersion = 11.6;
					};
				};
			};
			buildConfigurationList = 5EC32EC3250DF0B900006D79 /* Build configuration list for PBXProject "Modularity1" */;
			compatibilityVersion = "Xcode 9.3";
			developmentRegion = en;
			hasScannedForEncodings = 0;
			knownRegions = (
				en,
				Base,
			);
			mainGroup = 5EC32EBF250DF0B900006D79;
			productRefGroup = 5EC32EC9250DF0B900006D79 /* Products */;
			projectDirPath = "";
			projectRoot = "";
			targets = (
				5EC32EC7250DF0B900006D79 /* Modularity1 */,
			);
		};
/* End PBXProject section */

/* Begin PBXResourcesBuildPhase section */
		5EC32EC6250DF0B900006D79 /* Resources */ = {
			isa = PBXResourcesBuildPhase;
			buildActionMask = 2147483647;
			files = (
				5EC32ED8250DF0BC00006D79 /* LaunchScreen.storyboard in Resources */,
				5EC32ED5250DF0BC00006D79 /* Assets.xcassets in Resources */,
				5EC32ED3250DF0B900006D79 /* Main.storyboard in Resources */,
			);
			runOnlyForDeploymentPostprocessing = 0;
		};
/* End PBXResourcesBuildPhase section */

/* Begin PBXShellScriptBuildPhase section */
		1C30984448E703C38D353AEE /* [CP] Embed Pods Frameworks */ = {
			isa = PBXShellScriptBuildPhase;
			buildActionMask = 2147483647;
			files = (
			);
			inputFileListPaths = (
				"${PODS_ROOT}/Target Support Files/Pods-Modularity1/Pods-Modularity1-frameworks-${CONFIGURATION}-input-files.xcfilelist",
			);
			name = "[CP] Embed Pods Frameworks";
			outputFileListPaths = (
				"${PODS_ROOT}/Target Support Files/Pods-Modularity1/Pods-Modularity1-frameworks-${CONFIGURATION}-output-files.xcfilelist",
			);
			runOnlyForDeploymentPostprocessing = 0;
			shellPath = /bin/sh;
			shellScript = "\"${PODS_ROOT}/Target Support Files/Pods-Modularity1/Pods-Modularity1-frameworks.sh\"\n";
			showEnvVarsInLog = 0;
		};
		6C3CB60BF9FCF65562CA250C /* [CP] Check Pods Manifest.lock */ = {
			isa = PBXShellScriptBuildPhase;
			buildActionMask = 2147483647;
			files = (
			);
			inputFileListPaths = (
			);
			inputPaths = (
				"${PODS_PODFILE_DIR_PATH}/Podfile.lock",
				"${PODS_ROOT}/Manifest.lock",
			);
			name = "[CP] Check Pods Manifest.lock";
			outputFileListPaths = (
			);
			outputPaths = (
				"$(DERIVED_FILE_DIR)/Pods-Modularity1-checkManifestLockResult.txt",
			);
			runOnlyForDeploymentPostprocessing = 0;
			shellPath = /bin/sh;
			shellScript = "diff \"${PODS_PODFILE_DIR_PATH}/Podfile.lock\" \"${PODS_ROOT}/Manifest.lock\" > /dev/null\nif [ $? != 0 ] ; then\n    # print error to STDERR\n    echo \"error: The sandbox is not in sync with the Podfile.lock. Run 'pod install' or update your CocoaPods installation.\" >&2\n    exit 1\nfi\n# This output is used by Xcode 'outputs' to avoid re-running this script phase.\necho \"SUCCESS\" > \"${SCRIPT_OUTPUT_FILE_0}\"\n";
			showEnvVarsInLog = 0;
		};
/* End PBXShellScriptBuildPhase section */

/* Begin PBXSourcesBuildPhase section */
		5EC32EC4250DF0B900006D79 /* Sources */ = {
			isa = PBXSourcesBuildPhase;
			buildActionMask = 2147483647;
			files = (
				5EC32EF02510FE2E00006D79 /* UsersTableViewCell.swift in Sources */,
				5EC32EE52510FD0000006D79 /* Utilities.swift in Sources */,
				5EC32EED2510FD5900006D79 /* UsersViewModel.swift in Sources */,
				5EC32ED0250DF0B900006D79 /* ChildHomeViewController.swift in Sources */,
				5EC32EEA2510FD1600006D79 /* UsersModel.swift in Sources */,
				5EC32EE72510FD0000006D79 /* NetworkManager.swift in Sources */,
				5EC32ECC250DF0B900006D79 /* AppDelegate.swift in Sources */,
				5EC32EE62510FD0000006D79 /* Constants.swift in Sources */,
			);
			runOnlyForDeploymentPostprocessing = 0;
		};
/* End PBXSourcesBuildPhase section */

/* Begin PBXVariantGroup section */
		5EC32ED1250DF0B900006D79 /* Main.storyboard */ = {
			isa = PBXVariantGroup;
			children = (
				5EC32ED2250DF0B900006D79 /* Base */,
			);
			name = Main.storyboard;
			sourceTree = "<group>";
		};
		5EC32ED6250DF0BC00006D79 /* LaunchScreen.storyboard */ = {
			isa = PBXVariantGroup;
			children = (
				5EC32ED7250DF0BC00006D79 /* Base */,
			);
			name = LaunchScreen.storyboard;
			sourceTree = "<group>";
		};
/* End PBXVariantGroup section */

/* Begin XCBuildConfiguration section */
		5EC32EDA250DF0BC00006D79 /* Debug */ = {
			isa = XCBuildConfiguration;
			buildSettings = {
				ALWAYS_SEARCH_USER_PATHS = NO;
				CLANG_ANALYZER_NONNULL = YES;
				CLANG_ANALYZER_NUMBER_OBJECT_CONVERSION = YES_AGGRESSIVE;
				CLANG_CXX_LANGUAGE_STANDARD = "gnu++14";
				CLANG_CXX_LIBRARY = "libc++";
				CLANG_ENABLE_MODULES = YES;
				CLANG_ENABLE_OBJC_ARC = YES;
				CLANG_ENABLE_OBJC_WEAK = YES;
				CLANG_WARN_BLOCK_CAPTURE_AUTORELEASING = YES;
				CLANG_WARN_BOOL_CONVERSION = YES;
				CLANG_WARN_COMMA = YES;
				CLANG_WARN_CONSTANT_CONVERSION = YES;
				CLANG_WARN_DEPRECATED_OBJC_IMPLEMENTATIONS = YES;
				CLANG_WARN_DIRECT_OBJC_ISA_USAGE = YES_ERROR;
				CLANG_WARN_DOCUMENTATION_COMMENTS = YES;
				CLANG_WARN_EMPTY_BODY = YES;
				CLANG_WARN_ENUM_CONVERSION = YES;
				CLANG_WARN_INFINITE_RECURSION = YES;
				CLANG_WARN_INT_CONVERSION = YES;
				CLANG_WARN_NON_LITERAL_NULL_CONVERSION = YES;
				CLANG_WARN_OBJC_IMPLICIT_RETAIN_SELF = YES;
				CLANG_WARN_OBJC_LITERAL_CONVERSION = YES;
				CLANG_WARN_OBJC_ROOT_CLASS = YES_ERROR;
				CLANG_WARN_RANGE_LOOP_ANALYSIS = YES;
				CLANG_WARN_STRICT_PROTOTYPES = YES;
				CLANG_WARN_SUSPICIOUS_MOVE = YES;
				CLANG_WARN_UNGUARDED_AVAILABILITY = YES_AGGRESSIVE;
				CLANG_WARN_UNREACHABLE_CODE = YES;
				CLANG_WARN__DUPLICATE_METHOD_MATCH = YES;
				COPY_PHASE_STRIP = NO;
				DEBUG_INFORMATION_FORMAT = dwarf;
				ENABLE_STRICT_OBJC_MSGSEND = YES;
				ENABLE_TESTABILITY = YES;
				GCC_C_LANGUAGE_STANDARD = gnu11;
				GCC_DYNAMIC_NO_PIC = NO;
				GCC_NO_COMMON_BLOCKS = YES;
				GCC_OPTIMIZATION_LEVEL = 0;
				GCC_PREPROCESSOR_DEFINITIONS = (
					"DEBUG=1",
					"$(inherited)",
				);
				GCC_WARN_64_TO_32_BIT_CONVERSION = YES;
				GCC_WARN_ABOUT_RETURN_TYPE = YES_ERROR;
				GCC_WARN_UNDECLARED_SELECTOR = YES;
				GCC_WARN_UNINITIALIZED_AUTOS = YES_AGGRESSIVE;
				GCC_WARN_UNUSED_FUNCTION = YES;
				GCC_WARN_UNUSED_VARIABLE = YES;
				IPHONEOS_DEPLOYMENT_TARGET = 12.0;
				MTL_ENABLE_DEBUG_INFO = INCLUDE_SOURCE;
				MTL_FAST_MATH = YES;
				ONLY_ACTIVE_ARCH = YES;
				SDKROOT = iphoneos;
				SWIFT_ACTIVE_COMPILATION_CONDITIONS = DEBUG;
				SWIFT_OPTIMIZATION_LEVEL = "-Onone";
			};
			name = Debug;
		};
		5EC32EDB250DF0BC00006D79 /* Release */ = {
			isa = XCBuildConfiguration;
			buildSettings = {
				ALWAYS_SEARCH_USER_PATHS = NO;
				CLANG_ANALYZER_NONNULL = YES;
				CLANG_ANALYZER_NUMBER_OBJECT_CONVERSION = YES_AGGRESSIVE;
				CLANG_CXX_LANGUAGE_STANDARD = "gnu++14";
				CLANG_CXX_LIBRARY = "libc++";
				CLANG_ENABLE_MODULES = YES;
				CLANG_ENABLE_OBJC_ARC = YES;
				CLANG_ENABLE_OBJC_WEAK = YES;
				CLANG_WARN_BLOCK_CAPTURE_AUTORELEASING = YES;
				CLANG_WARN_BOOL_CONVERSION = YES;
				CLANG_WARN_COMMA = YES;
				CLANG_WARN_CONSTANT_CONVERSION = YES;
				CLANG_WARN_DEPRECATED_OBJC_IMPLEMENTATIONS = YES;
				CLANG_WARN_DIRECT_OBJC_ISA_USAGE = YES_ERROR;
				CLANG_WARN_DOCUMENTATION_COMMENTS = YES;
				CLANG_WARN_EMPTY_BODY = YES;
				CLANG_WARN_ENUM_CONVERSION = YES;
				CLANG_WARN_INFINITE_RECURSION = YES;
				CLANG_WARN_INT_CONVERSION = YES;
				CLANG_WARN_NON_LITERAL_NULL_CONVERSION = YES;
				CLANG_WARN_OBJC_IMPLICIT_RETAIN_SELF = YES;
				CLANG_WARN_OBJC_LITERAL_CONVERSION = YES;
				CLANG_WARN_OBJC_ROOT_CLASS = YES_ERROR;
				CLANG_WARN_RANGE_LOOP_ANALYSIS = YES;
				CLANG_WARN_STRICT_PROTOTYPES = YES;
				CLANG_WARN_SUSPICIOUS_MOVE = YES;
				CLANG_WARN_UNGUARDED_AVAILABILITY = YES_AGGRESSIVE;
				CLANG_WARN_UNREACHABLE_CODE = YES;
				CLANG_WARN__DUPLICATE_METHOD_MATCH = YES;
				COPY_PHASE_STRIP = NO;
				DEBUG_INFORMATION_FORMAT = "dwarf-with-dsym";
				ENABLE_NS_ASSERTIONS = NO;
				ENABLE_STRICT_OBJC_MSGSEND = YES;
				GCC_C_LANGUAGE_STANDARD = gnu11;
				GCC_NO_COMMON_BLOCKS = YES;
				GCC_WARN_64_TO_32_BIT_CONVERSION = YES;
				GCC_WARN_ABOUT_RETURN_TYPE = YES_ERROR;
				GCC_WARN_UNDECLARED_SELECTOR = YES;
				GCC_WARN_UNINITIALIZED_AUTOS = YES_AGGRESSIVE;
				GCC_WARN_UNUSED_FUNCTION = YES;
				GCC_WARN_UNUSED_VARIABLE = YES;
				IPHONEOS_DEPLOYMENT_TARGET = 12.0;
				MTL_ENABLE_DEBUG_INFO = NO;
				MTL_FAST_MATH = YES;
				SDKROOT = iphoneos;
				SWIFT_COMPILATION_MODE = wholemodule;
				SWIFT_OPTIMIZATION_LEVEL = "-O";
				VALIDATE_PRODUCT = YES;
			};
			name = Release;
		};
		5EC32EDD250DF0BC00006D79 /* Debug */ = {
			isa = XCBuildConfiguration;
			baseConfigurationReference = 077ED4F916BE56C0BF823F7E /* Pods-Modularity1.debug.xcconfig */;
			buildSettings = {
				ASSETCATALOG_COMPILER_APPICON_NAME = AppIcon;
				CODE_SIGN_STYLE = Automatic;
				INFOPLIST_FILE = Modularity1/Info.plist;
				IPHONEOS_DEPLOYMENT_TARGET = 12.0;
				LD_RUNPATH_SEARCH_PATHS = (
					"$(inherited)",
					"@executable_path/Frameworks",
				);
				MARKETING_VERSION = 1.0.0;
				PRODUCT_BUNDLE_IDENTIFIER = com.kp.modile1.Modularity1;
				PRODUCT_NAME = "$(TARGET_NAME)";
				SWIFT_VERSION = 4.2;
				TARGETED_DEVICE_FAMILY = "1,2";
			};
			name = Debug;
		};
		5EC32EDE250DF0BC00006D79 /* Release */ = {
			isa = XCBuildConfiguration;
			baseConfigurationReference = 26483066E6D1508DC7381812 /* Pods-Modularity1.release.xcconfig */;
			buildSettings = {
				ASSETCATALOG_COMPILER_APPICON_NAME = AppIcon;
				CODE_SIGN_STYLE = Automatic;
				INFOPLIST_FILE = Modularity1/Info.plist;
				IPHONEOS_DEPLOYMENT_TARGET = 12.0;
				LD_RUNPATH_SEARCH_PATHS = (
					"$(inherited)",
					"@executable_path/Frameworks",
				);
				MARKETING_VERSION = 1.0.0;
				PRODUCT_BUNDLE_IDENTIFIER = com.kp.modile1.Modularity1;
				PRODUCT_NAME = "$(TARGET_NAME)";
				SWIFT_VERSION = 4.2;
				TARGETED_DEVICE_FAMILY = "1,2";
			};
			name = Release;
		};
/* End XCBuildConfiguration section */

/* Begin XCConfigurationList section */
		5EC32EC3250DF0B900006D79 /* Build configuration list for PBXProject "Modularity1" */ = {
			isa = XCConfigurationList;
			buildConfigurations = (
				5EC32EDA250DF0BC00006D79 /* Debug */,
				5EC32EDB250DF0BC00006D79 /* Release */,
			);
			defaultConfigurationIsVisible = 0;
			defaultConfigurationName = Release;
		};
		5EC32EDC250DF0BC00006D79 /* Build configuration list for PBXNativeTarget "Modularity1" */ = {
			isa = XCConfigurationList;
			buildConfigurations = (
				5EC32EDD250DF0BC00006D79 /* Debug */,
				5EC32EDE250DF0BC00006D79 /* Release */,
			);
			defaultConfigurationIsVisible = 0;
			defaultConfigurationName = Release;
		};
/* End XCConfigurationList section */
	};
	rootObject = 5EC32EC0250DF0B900006D79 /* Project object */;
}
